
Microsoft Visual Studio Solution File, Format Version 12.00
# Visual Studio 2012
Project("{FAE04EC0-301F-11D3-BF4B-00C04F79EFBC}") = "Project Vulture", "Project Vulture\Project Vulture.csproj", "{50D568A7-0F68-42D2-9CA1-436476074095}"
EndProject
Global
	GlobalSection(SolutionConfigurationPlatforms) = preSolution
		Debug|Any CPU = Debug|Any CPU
		Release|Any CPU = Release|Any CPU
	EndGlobalSection
	GlobalSection(ProjectConfigurationPlatforms) = postSolution
		{50D568A7-0F68-42D2-9CA1-436476074095}.Debug|Any CPU.ActiveCfg = Debug|Any CPU
		{50D568A7-0F68-42D2-9CA1-436476074095}.Debug|Any CPU.Build.0 = Debug|Any CPU
		{50D568A7-0F68-42D2-9CA1-436476074095}.Release|Any CPU.ActiveCfg = Release|Any CPU
		{50D568A7-0F68-42D2-9CA1-436476074095}.Release|Any CPU.Build.0 = Release|Any CPU
	EndGlobalSection
	GlobalSection(SolutionProperties) = preSolution
		HideSolutionNode = FALSE
	EndGlobalSection
EndGlobal
